// !$*UTF8*$!
{
	archiveVersion = 1;
	classes = {
	};
	objectVersion = 46;
	objects = {

/* Begin PBXBuildFile section */
		18144CB11CB9046E0088E7C8 /* main.m in Sources */ = {isa = PBXBuildFile; fileRef = 18144CB01CB9046E0088E7C8 /* main.m */; };
		18144CB41CB9046E0088E7C8 /* AppDelegate.m in Sources */ = {isa = PBXBuildFile; fileRef = 18144CB31CB9046E0088E7C8 /* AppDelegate.m */; };
		18144CB71CB9046E0088E7C8 /* ViewController.m in Sources */ = {isa = PBXBuildFile; fileRef = 18144CB61CB9046E0088E7C8 /* ViewController.m */; };
		18144CBA1CB9046E0088E7C8 /* Main.storyboard in Resources */ = {isa = PBXBuildFile; fileRef = 18144CB81CB9046E0088E7C8 /* Main.storyboard */; };
		18144CBC1CB9046E0088E7C8 /* Assets.xcassets in Resources */ = {isa = PBXBuildFile; fileRef = 18144CBB1CB9046E0088E7C8 /* Assets.xcassets */; };
		18144CBF1CB9046E0088E7C8 /* LaunchScreen.storyboard in Resources */ = {isa = PBXBuildFile; fileRef = 18144CBD1CB9046E0088E7C8 /* LaunchScreen.storyboard */; };
		18144CE91CB912460088E7C8 /* IOKit.framework in Frameworks */ = {isa = PBXBuildFile; fileRef = 18144CE81CB912460088E7C8 /* IOKit.framework */; };
/* End PBXBuildFile section */

/* Begin PBXFileReference section */
		18144CAC1CB9046E0088E7C8 /* Battery Info.app */ = {isa = PBXFileReference; explicitFileType = wrapper.application; includeInIndex = 0; path = "Battery Info.app"; sourceTree = BUILT_PRODUCTS_DIR; };
		18144CB01CB9046E0088E7C8 /* main.m */ = {isa = PBXFileReference; lastKnownFileType = sourcecode.c.objc; path = main.m; sourceTree = "<group>"; };
		18144CB21CB9046E0088E7C8 /* AppDelegate.h */ = {isa = PBXFileReference; lastKnownFileType = sourcecode.c.h; path = AppDelegate.h; sourceTree = "<group>"; };
		18144CB31CB9046E0088E7C8 /* AppDelegate.m */ = {isa = PBXFileReference; lastKnownFileType = sourcecode.c.objc; path = AppDelegate.m; sourceTree = "<group>"; };
		18144CB51CB9046E0088E7C8 /* ViewController.h */ = {isa = PBXFileReference; lastKnownFileType = sourcecode.c.h; path = ViewController.h; sourceTree = "<group>"; };
		18144CB61CB9046E0088E7C8 /* ViewController.m */ = {isa = PBXFileReference; lastKnownFileType = sourcecode.c.objc; path = ViewController.m; sourceTree = "<group>"; };
		18144CB91CB9046E0088E7C8 /* Base */ = {isa = PBXFileReference; lastKnownFileType = file.storyboard; name = Base; path = Base.lproj/Main.storyboard; sourceTree = "<group>"; };
		18144CBB1CB9046E0088E7C8 /* Assets.xcassets */ = {isa = PBXFileReference; lastKnownFileType = folder.assetcatalog; path = Assets.xcassets; sourceTree = "<group>"; };
		18144CBE1CB9046E0088E7C8 /* Base */ = {isa = PBXFileReference; lastKnownFileType = file.storyboard; name = Base; path = Base.lproj/LaunchScreen.storyboard; sourceTree = "<group>"; };
		18144CC01CB9046E0088E7C8 /* Info.plist */ = {isa = PBXFileReference; lastKnownFileType = text.plist.xml; path = Info.plist; sourceTree = "<group>"; };
		18144CCC1CB9059D0088E7C8 /* IOHIDDisplay.h */ = {isa = PBXFileReference; fileEncoding = 4; lastKnownFileType = sourcecode.c.h; path = IOHIDDisplay.h; sourceTree = "<group>"; };
		18144CCD1CB9059D0088E7C8 /* IOHIDEvent.h */ = {isa = PBXFileReference; fileEncoding = 4; lastKnownFileType = sourcecode.c.h; path = IOHIDEvent.h; sourceTree = "<group>"; };
		18144CCE1CB9059D0088E7C8 /* IOHIDEventData.h */ = {isa = PBXFileReference; fileEncoding = 4; lastKnownFileType = sourcecode.c.h; path = IOHIDEventData.h; sourceTree = "<group>"; };
		18144CCF1CB9059D0088E7C8 /* IOHIDEventQueue.h */ = {isa = PBXFileReference; fileEncoding = 4; lastKnownFileType = sourcecode.c.h; path = IOHIDEventQueue.h; sourceTree = "<group>"; };
		18144CD01CB9059D0088E7C8 /* IOHIDEventSystem.h */ = {isa = PBXFileReference; fileEncoding = 4; lastKnownFileType = sourcecode.c.h; path = IOHIDEventSystem.h; sourceTree = "<group>"; };
		18144CD11CB9059D0088E7C8 /* IOHIDEventSystemClient.h */ = {isa = PBXFileReference; fileEncoding = 4; lastKnownFileType = sourcecode.c.h; path = IOHIDEventSystemClient.h; sourceTree = "<group>"; };
		18144CD21CB9059D0088E7C8 /* IOHIDEventTypes.h */ = {isa = PBXFileReference; fileEncoding = 4; lastKnownFileType = sourcecode.c.h; path = IOHIDEventTypes.h; sourceTree = "<group>"; };
		18144CD31CB9059D0088E7C8 /* IOHIDNotification.h */ = {isa = PBXFileReference; fileEncoding = 4; lastKnownFileType = sourcecode.c.h; path = IOHIDNotification.h; sourceTree = "<group>"; };
		18144CD41CB9059D0088E7C8 /* IOHIDService.h */ = {isa = PBXFileReference; fileEncoding = 4; lastKnownFileType = sourcecode.c.h; path = IOHIDService.h; sourceTree = "<group>"; };
		18144CD51CB9059D0088E7C8 /* IOHIDSession.h */ = {isa = PBXFileReference; fileEncoding = 4; lastKnownFileType = sourcecode.c.h; path = IOHIDSession.h; sourceTree = "<group>"; };
		18144CD61CB9059D0088E7C8 /* IOHIDUserDevice.h */ = {isa = PBXFileReference; fileEncoding = 4; lastKnownFileType = sourcecode.c.h; path = IOHIDUserDevice.h; sourceTree = "<group>"; };
		18144CD71CB9059D0088E7C8 /* IOKit.h */ = {isa = PBXFileReference; fileEncoding = 4; lastKnownFileType = sourcecode.c.h; path = IOKit.h; sourceTree = "<group>"; };
		18144CD81CB9059D0088E7C8 /* IOKitKeys.h */ = {isa = PBXFileReference; fileEncoding = 4; lastKnownFileType = sourcecode.c.h; path = IOKitKeys.h; sourceTree = "<group>"; };
		18144CD91CB9059D0088E7C8 /* IOKitLib.h */ = {isa = PBXFileReference; fileEncoding = 4; lastKnownFileType = sourcecode.c.h; path = IOKitLib.h; sourceTree = "<group>"; };
		18144CDA1CB9059D0088E7C8 /* IOMessage.h */ = {isa = PBXFileReference; fileEncoding = 4; lastKnownFileType = sourcecode.c.h; path = IOMessage.h; sourceTree = "<group>"; };
		18144CDB1CB9059D0088E7C8 /* IOReturn.h */ = {isa = PBXFileReference; fileEncoding = 4; lastKnownFileType = sourcecode.c.h; path = IOReturn.h; sourceTree = "<group>"; };
		18144CDC1CB9059D0088E7C8 /* IOTypes.h */ = {isa = PBXFileReference; fileEncoding = 4; lastKnownFileType = sourcecode.c.h; path = IOTypes.h; sourceTree = "<group>"; };
		18144CDD1CB9059D0088E7C8 /* OSKext.h */ = {isa = PBXFileReference; fileEncoding = 4; lastKnownFileType = sourcecode.c.h; path = OSKext.h; sourceTree = "<group>"; };
		18144CDE1CB9059D0088E7C8 /* OSMessageNotification.h */ = {isa = PBXFileReference; fileEncoding = 4; lastKnownFileType = sourcecode.c.h; path = OSMessageNotification.h; sourceTree = "<group>"; };
		18144CE01CB9059D0088E7C8 /* IOPowerSources.h */ = {isa = PBXFileReference; fileEncoding = 4; lastKnownFileType = sourcecode.c.h; path = IOPowerSources.h; sourceTree = "<group>"; };
		18144CE11CB9059D0088E7C8 /* IOPSKeys.h */ = {isa = PBXFileReference; fileEncoding = 4; lastKnownFileType = sourcecode.c.h; path = IOPSKeys.h; sourceTree = "<group>"; };
		18144CE21CB9059D0088E7C8 /* IOUPSPlugIn.h */ = {isa = PBXFileReference; fileEncoding = 4; lastKnownFileType = sourcecode.c.h; path = IOUPSPlugIn.h; sourceTree = "<group>"; };
		18144CE41CB9059D0088E7C8 /* IOPM.h */ = {isa = PBXFileReference; fileEncoding = 4; lastKnownFileType = sourcecode.c.h; path = IOPM.h; sourceTree = "<group>"; };
		18144CE51CB9059D0088E7C8 /* IOPMKeys.h */ = {isa = PBXFileReference; fileEncoding = 4; lastKnownFileType = sourcecode.c.h; path = IOPMKeys.h; sourceTree = "<group>"; };
		18144CE61CB9059D0088E7C8 /* IOPMLib.h */ = {isa = PBXFileReference; fileEncoding = 4; lastKnownFileType = sourcecode.c.h; path = IOPMLib.h; sourceTree = "<group>"; };
		18144CE71CB9059D0088E7C8 /* IOPMLibDefs.h */ = {isa = PBXFileReference; fileEncoding = 4; lastKnownFileType = sourcecode.c.h; path = IOPMLibDefs.h; sourceTree = "<group>"; };
		18144CE81CB912460088E7C8 /* IOKit.framework */ = {isa = PBXFileReference; lastKnownFileType = wrapper.framework; name = IOKit.framework; path = Platforms/iPhoneOS.platform/Developer/SDKs/iPhoneOS.sdk/System/Library/Frameworks/IOKit.framework; sourceTree = DEVELOPER_DIR; };
/* End PBXFileReference section */

/* Begin PBXFrameworksBuildPhase section */
		18144CA91CB9046E0088E7C8 /* Frameworks */ = {
			isa = PBXFrameworksBuildPhase;
			buildActionMask = 2147483647;
			files = (
				18144CE91CB912460088E7C8 /* IOKit.framework in Frameworks */,
			);
			runOnlyForDeploymentPostprocessing = 0;
		};
/* End PBXFrameworksBuildPhase section */

/* Begin PBXGroup section */
		18144CA31CB9046E0088E7C8 = {
			isa = PBXGroup;
			children = (
				18144CE81CB912460088E7C8 /* IOKit.framework */,
				18144CAE1CB9046E0088E7C8 /* Battery Info */,
				18144CAD1CB9046E0088E7C8 /* Products */,
			);
			sourceTree = "<group>";
		};
		18144CAD1CB9046E0088E7C8 /* Products */ = {
			isa = PBXGroup;
			children = (
				18144CAC1CB9046E0088E7C8 /* Battery Info.app */,
			);
			name = Products;
			sourceTree = "<group>";
		};
		18144CAE1CB9046E0088E7C8 /* Battery Info */ = {
			isa = PBXGroup;
			children = (
				18144CCA1CB9059D0088E7C8 /* IOKit */,
				18144CB21CB9046E0088E7C8 /* AppDelegate.h */,
				18144CB31CB9046E0088E7C8 /* AppDelegate.m */,
				18144CB51CB9046E0088E7C8 /* ViewController.h */,
				18144CB61CB9046E0088E7C8 /* ViewController.m */,
				18144CB81CB9046E0088E7C8 /* Main.storyboard */,
				18144CBB1CB9046E0088E7C8 /* Assets.xcassets */,
				18144CBD1CB9046E0088E7C8 /* LaunchScreen.storyboard */,
				18144CC01CB9046E0088E7C8 /* Info.plist */,
				18144CAF1CB9046E0088E7C8 /* Supporting Files */,
			);
			path = "Battery Info";
			sourceTree = "<group>";
		};
		18144CAF1CB9046E0088E7C8 /* Supporting Files */ = {
			isa = PBXGroup;
			children = (
				18144CB01CB9046E0088E7C8 /* main.m */,
			);
			name = "Supporting Files";
			sourceTree = "<group>";
		};
		18144CCA1CB9059D0088E7C8 /* IOKit */ = {
			isa = PBXGroup;
			children = (
				18144CCB1CB9059D0088E7C8 /* hid */,
				18144CD71CB9059D0088E7C8 /* IOKit.h */,
				18144CD81CB9059D0088E7C8 /* IOKitKeys.h */,
				18144CD91CB9059D0088E7C8 /* IOKitLib.h */,
				18144CDA1CB9059D0088E7C8 /* IOMessage.h */,
				18144CDB1CB9059D0088E7C8 /* IOReturn.h */,
				18144CDC1CB9059D0088E7C8 /* IOTypes.h */,
				18144CDD1CB9059D0088E7C8 /* OSKext.h */,
				18144CDE1CB9059D0088E7C8 /* OSMessageNotification.h */,
				18144CDF1CB9059D0088E7C8 /* ps */,
				18144CE31CB9059D0088E7C8 /* pwr_mgt */,
			);
			path = IOKit;
			sourceTree = "<group>";
		};
		18144CCB1CB9059D0088E7C8 /* hid */ = {
			isa = PBXGroup;
			children = (
				18144CCC1CB9059D0088E7C8 /* IOHIDDisplay.h */,
				18144CCD1CB9059D0088E7C8 /* IOHIDEvent.h */,
				18144CCE1CB9059D0088E7C8 /* IOHIDEventData.h */,
				18144CCF1CB9059D0088E7C8 /* IOHIDEventQueue.h */,
				18144CD01CB9059D0088E7C8 /* IOHIDEventSystem.h */,
				18144CD11CB9059D0088E7C8 /* IOHIDEventSystemClient.h */,
				18144CD21CB9059D0088E7C8 /* IOHIDEventTypes.h */,
				18144CD31CB9059D0088E7C8 /* IOHIDNotification.h */,
				18144CD41CB9059D0088E7C8 /* IOHIDService.h */,
				18144CD51CB9059D0088E7C8 /* IOHIDSession.h */,
				18144CD61CB9059D0088E7C8 /* IOHIDUserDevice.h */,
			);
			path = hid;
			sourceTree = "<group>";
		};
		18144CDF1CB9059D0088E7C8 /* ps */ = {
			isa = PBXGroup;
			children = (
				18144CE01CB9059D0088E7C8 /* IOPowerSources.h */,
				18144CE11CB9059D0088E7C8 /* IOPSKeys.h */,
				18144CE21CB9059D0088E7C8 /* IOUPSPlugIn.h */,
			);
			path = ps;
			sourceTree = "<group>";
		};
		18144CE31CB9059D0088E7C8 /* pwr_mgt */ = {
			isa = PBXGroup;
			children = (
				18144CE41CB9059D0088E7C8 /* IOPM.h */,
				18144CE51CB9059D0088E7C8 /* IOPMKeys.h */,
				18144CE61CB9059D0088E7C8 /* IOPMLib.h */,
				18144CE71CB9059D0088E7C8 /* IOPMLibDefs.h */,
			);
			path = pwr_mgt;
			sourceTree = "<group>";
		};
/* End PBXGroup section */

/* Begin PBXNativeTarget section */
		18144CAB1CB9046E0088E7C8 /* Battery Info */ = {
			isa = PBXNativeTarget;
			buildConfigurationList = 18144CC31CB9046E0088E7C8 /* Build configuration list for PBXNativeTarget "Battery Info" */;
			buildPhases = (
				18144CA81CB9046E0088E7C8 /* Sources */,
				18144CA91CB9046E0088E7C8 /* Frameworks */,
				18144CAA1CB9046E0088E7C8 /* Resources */,
			);
			buildRules = (
			);
			dependencies = (
			);
			name = "Battery Info";
			productName = "Battery Info";
			productReference = 18144CAC1CB9046E0088E7C8 /* Battery Info.app */;
			productType = "com.apple.product-type.application";
		};
/* End PBXNativeTarget section */

/* Begin PBXProject section */
		18144CA41CB9046E0088E7C8 /* Project object */ = {
			isa = PBXProject;
			attributes = {
				LastUpgradeCheck = 0730;
				ORGANIZATIONNAME = "Giuseppe Deraco";
				TargetAttributes = {
					18144CAB1CB9046E0088E7C8 = {
						CreatedOnToolsVersion = 7.3;
						DevelopmentTeam = CYU4CN42E8;
					};
				};
			};
			buildConfigurationList = 18144CA71CB9046E0088E7C8 /* Build configuration list for PBXProject "Battery Info" */;
			compatibilityVersion = "Xcode 3.2";
			developmentRegion = English;
			hasScannedForEncodings = 0;
			knownRegions = (
				en,
				Base,
			);
			mainGroup = 18144CA31CB9046E0088E7C8;
			productRefGroup = 18144CAD1CB9046E0088E7C8 /* Products */;
			projectDirPath = "";
			projectRoot = "";
			targets = (
				18144CAB1CB9046E0088E7C8 /* Battery Info */,
			);
		};
/* End PBXProject section */

/* Begin PBXResourcesBuildPhase section */
		18144CAA1CB9046E0088E7C8 /* Resources */ = {
			isa = PBXResourcesBuildPhase;
			buildActionMask = 2147483647;
			files = (
				18144CBF1CB9046E0088E7C8 /* LaunchScreen.storyboard in Resources */,
				18144CBC1CB9046E0088E7C8 /* Assets.xcassets in Resources */,
				18144CBA1CB9046E0088E7C8 /* Main.storyboard in Resources */,
			);
			runOnlyForDeploymentPostprocessing = 0;
		};
/* End PBXResourcesBuildPhase section */

/* Begin PBXSourcesBuildPhase section */
		18144CA81CB9046E0088E7C8 /* Sources */ = {
			isa = PBXSourcesBuildPhase;
			buildActionMask = 2147483647;
			files = (
				18144CB71CB9046E0088E7C8 /* ViewController.m in Sources */,
				18144CB41CB9046E0088E7C8 /* AppDelegate.m in Sources */,
				18144CB11CB9046E0088E7C8 /* main.m in Sources */,
			);
			runOnlyForDeploymentPostprocessing = 0;
		};
/* End PBXSourcesBuildPhase section */

/* Begin PBXVariantGroup section */
		18144CB81CB9046E0088E7C8 /* Main.storyboard */ = {
			isa = PBXVariantGroup;
			children = (
				18144CB91CB9046E0088E7C8 /* Base */,
			);
			name = Main.storyboard;
			sourceTree = "<group>";
		};
		18144CBD1CB9046E0088E7C8 /* LaunchScreen.storyboard */ = {
			isa = PBXVariantGroup;
			children = (
				18144CBE1CB9046E0088E7C8 /* Base */,
			);
			name = LaunchScreen.storyboard;
			sourceTree = "<group>";
		};
/* End PBXVariantGroup section */

/* Begin XCBuildConfiguration section */
		18144CC11CB9046E0088E7C8 /* Debug */ = {
			isa = XCBuildConfiguration;
			buildSettings = {
				ALWAYS_SEARCH_USER_PATHS = NO;
				CLANG_ANALYZER_NONNULL = YES;
				CLANG_CXX_LANGUAGE_STANDARD = "gnu++0x";
				CLANG_CXX_LIBRARY = "libc++";
				CLANG_ENABLE_MODULES = YES;
				CLANG_ENABLE_OBJC_ARC = YES;
				CLANG_WARN_BOOL_CONVERSION = YES;
				CLANG_WARN_CONSTANT_CONVERSION = YES;
				CLANG_WARN_DIRECT_OBJC_ISA_USAGE = YES_ERROR;
				CLANG_WARN_EMPTY_BODY = YES;
				CLANG_WARN_ENUM_CONVERSION = YES;
				CLANG_WARN_INT_CONVERSION = YES;
				CLANG_WARN_OBJC_ROOT_CLASS = YES_ERROR;
				CLANG_WARN_UNREACHABLE_CODE = YES;
				CLANG_WARN__DUPLICATE_METHOD_MATCH = YES;
				"CODE_SIGN_IDENTITY[sdk=iphoneos*]" = "iPhone Developer";
				COPY_PHASE_STRIP = NO;
				DEBUG_INFORMATION_FORMAT = dwarf;
				ENABLE_STRICT_OBJC_MSGSEND = YES;
				ENABLE_TESTABILITY = YES;
				GCC_C_LANGUAGE_STANDARD = gnu99;
				GCC_DYNAMIC_NO_PIC = NO;
				GCC_NO_COMMON_BLOCKS = YES;
				GCC_OPTIMIZATION_LEVEL = 0;
				GCC_PREPROCESSOR_DEFINITIONS = (
					"DEBUG=1",
					"$(inherited)",
				);
				GCC_WARN_64_TO_32_BIT_CONVERSION = YES;
				GCC_WARN_ABOUT_RETURN_TYPE = YES_ERROR;
				GCC_WARN_UNDECLARED_SELECTOR = YES;
				GCC_WARN_UNINITIALIZED_AUTOS = YES_AGGRESSIVE;
				GCC_WARN_UNUSED_FUNCTION = YES;
				GCC_WARN_UNUSED_VARIABLE = YES;
				IPHONEOS_DEPLOYMENT_TARGET = 9.3;
				MTL_ENABLE_DEBUG_INFO = YES;
				ONLY_ACTIVE_ARCH = YES;
				SDKROOT = iphoneos;
				TARGETED_DEVICE_FAMILY = 2;
			};
			name = Debug;
		};
		18144CC21CB9046E0088E7C8 /* Release */ = {
			isa = XCBuildConfiguration;
			buildSettings = {
				ALWAYS_SEARCH_USER_PATHS = NO;
				CLANG_ANALYZER_NONNULL = YES;
				CLANG_CXX_LANGUAGE_STANDARD = "gnu++0x";
				CLANG_CXX_LIBRARY = "libc++";
				CLANG_ENABLE_MODULES = YES;
				CLANG_ENABLE_OBJC_ARC = YES;
				CLANG_WARN_BOOL_CONVERSION = YES;
				CLANG_WARN_CONSTANT_CONVERSION = YES;
				CLANG_WARN_DIRECT_OBJC_ISA_USAGE = YES_ERROR;
				CLANG_WARN_EMPTY_BODY = YES;
				CLANG_WARN_ENUM_CONVERSION = YES;
				CLANG_WARN_INT_CONVERSION = YES;
				CLANG_WARN_OBJC_ROOT_CLASS = YES_ERROR;
				CLANG_WARN_UNREACHABLE_CODE = YES;
				CLANG_WARN__DUPLICATE_METHOD_MATCH = YES;
				"CODE_SIGN_IDENTITY[sdk=iphoneos*]" = "iPhone Developer";
				COPY_PHASE_STRIP = NO;
				DEBUG_INFORMATION_FORMAT = "dwarf-with-dsym";
				ENABLE_NS_ASSERTIONS = NO;
				ENABLE_STRICT_OBJC_MSGSEND = YES;
				GCC_C_LANGUAGE_STANDARD = gnu99;
				GCC_NO_COMMON_BLOCKS = YES;
				GCC_WARN_64_TO_32_BIT_CONVERSION = YES;
				GCC_WARN_ABOUT_RETURN_TYPE = YES_ERROR;
				GCC_WARN_UNDECLARED_SELECTOR = YES;
				GCC_WARN_UNINITIALIZED_AUTOS = YES_AGGRESSIVE;
				GCC_WARN_UNUSED_FUNCTION = YES;
				GCC_WARN_UNUSED_VARIABLE = YES;
				IPHONEOS_DEPLOYMENT_TARGET = 9.3;
				MTL_ENABLE_DEBUG_INFO = NO;
				SDKROOT = iphoneos;
				TARGETED_DEVICE_FAMILY = 2;
				VALIDATE_PRODUCT = YES;
			};
			name = Release;
		};
		18144CC41CB9046E0088E7C8 /* Debug */ = {
			isa = XCBuildConfiguration;
			buildSettings = {
				ASSETCATALOG_COMPILER_APPICON_NAME = AppIcon;
				CODE_SIGN_IDENTITY = "iPhone Developer";
				INFOPLIST_FILE = "Battery Info/Info.plist";
				LD_RUNPATH_SEARCH_PATHS = "$(inherited) @executable_path/Frameworks";
				PRODUCT_BUNDLE_IDENTIFIER = "gderaco.Battery-Info";
				PRODUCT_NAME = "$(TARGET_NAME)";
			};
			name = Debug;
		};
		18144CC51CB9046E0088E7C8 /* Release */ = {
			isa = XCBuildConfiguration;
			buildSettings = {
				ASSETCATALOG_COMPILER_APPICON_NAME = AppIcon;
				CODE_SIGN_IDENTITY = "iPhone Developer";
				INFOPLIST_FILE = "Battery Info/Info.plist";
				LD_RUNPATH_SEARCH_PATHS = "$(inherited) @executable_path/Frameworks";
				PRODUCT_BUNDLE_IDENTIFIER = "gderaco.Battery-Info";
				PRODUCT_NAME = "$(TARGET_NAME)";
			};
			name = Release;
		};
/* End XCBuildConfiguration section */

/* Begin XCConfigurationList section */
		18144CA71CB9046E0088E7C8 /* Build configuration list for PBXProject "Battery Info" */ = {
			isa = XCConfigurationList;
			buildConfigurations = (
				18144CC11CB9046E0088E7C8 /* Debug */,
				18144CC21CB9046E0088E7C8 /* Release */,
			);
			defaultConfigurationIsVisible = 0;
			defaultConfigurationName = Release;
		};
		18144CC31CB9046E0088E7C8 /* Build configuration list for PBXNativeTarget "Battery Info" */ = {
			isa = XCConfigurationList;
			buildConfigurations = (
				18144CC41CB9046E0088E7C8 /* Debug */,
				18144CC51CB9046E0088E7C8 /* Release */,
			);
			defaultConfigurationIsVisible = 0;
		};
/* End XCConfigurationList section */
	};
	rootObject = 18144CA41CB9046E0088E7C8 /* Project object */;
}
